# generated by rye
# use `rye lock` or `rye sync` to update this lockfile
#
# last locked with the following flags:
#   pre: false
#   features: []
#   all-features: false
#   with-sources: false
#   generate-hashes: false
#   universal: false

-e file:.
beautifulsoup4==4.12.3
    # via nemosis
certifi==2024.8.30
    # via requests
charset-normalizer==3.4.0
    # via requests
et-xmlfile==1.1.0
    # via openpyxl
feather-format==0.4.1
    # via nemosis
idna==3.10
    # via requests
numpy==2.1.2
    # via pandas
    # via pyarrow
openpyxl==3.1.5
    # via nemosis
pandas==2.2.3
    # via nemosis
pyarrow==17.0.0
    # via feather-format
    # via nemosis
python-dateutil==2.9.0.post0
    # via pandas
pytz==2024.2
    # via pandas
requests==2.32.3
    # via nemosis
six==1.16.0
    # via python-dateutil
soupsieve==2.6
    # via beautifulsoup4
tzdata==2024.2
    # via pandas
urllib3==2.2.3
    # via requests
xlrd==2.0.1
    # via nemosis
